
Microsoft Visual Studio Solution File, Format Version 12.00
# Visual Studio Version 17
VisualStudioVersion = 17.1.32421.90
MinimumVisualStudioVersion = 10.0.40219.1
Project("{FAE04EC0-301F-11D3-BF4B-00C04F79EFBC}") = "TEST - Odehnal", "TEST - Odehnal\TEST - Odehnal.csproj", "{BF495DB5-4683-4399-A548-B2BF0554A3A9}"
EndProject
Global
	GlobalSection(SolutionConfigurationPlatforms) = preSolution
		Debug|Any CPU = Debug|Any CPU
		Release|Any CPU = Release|Any CPU
	EndGlobalSection
	GlobalSection(ProjectConfigurationPlatforms) = postSolution
		{BF495DB5-4683-4399-A548-B2BF0554A3A9}.Debug|Any CPU.ActiveCfg = Debug|Any CPU
		{BF495DB5-4683-4399-A548-B2BF0554A3A9}.Debug|Any CPU.Build.0 = Debug|Any CPU
		{BF495DB5-4683-4399-A548-B2BF0554A3A9}.Release|Any CPU.ActiveCfg = Release|Any CPU
		{BF495DB5-4683-4399-A548-B2BF0554A3A9}.Release|Any CPU.Build.0 = Release|Any CPU
	EndGlobalSection
	GlobalSection(SolutionProperties) = preSolution
		HideSolutionNode = FALSE
	EndGlobalSection
	GlobalSection(ExtensibilityGlobals) = postSolution
		SolutionGuid = {5C232BAD-214C-4D3D-AB47-1D97AB713D05}
	EndGlobalSection
EndGlobal
